
Microsoft Visual Studio Solution File, Format Version 12.00
# Visual Studio Version 16
VisualStudioVersion = 16.0.30002.166
MinimumVisualStudioVersion = 10.0.40219.1
Project("{FAE04EC0-301F-11D3-BF4B-00C04F79EFBC}") = "Pronounciation", "Pronounciation.csproj", "{0CA2FA89-E0DC-4B27-BE7B-7877A955FAF7}"
EndProject
Global
	GlobalSection(SolutionConfigurationPlatforms) = preSolution
		Debug|Any CPU = Debug|Any CPU
		Release|Any CPU = Release|Any CPU
	EndGlobalSection
	GlobalSection(ProjectConfigurationPlatforms) = postSolution
		{0CA2FA89-E0DC-4B27-BE7B-7877A955FAF7}.Debug|Any CPU.ActiveCfg = Debug|Any CPU
		{0CA2FA89-E0DC-4B27-BE7B-7877A955FAF7}.Debug|Any CPU.Build.0 = Debug|Any CPU
		{0CA2FA89-E0DC-4B27-BE7B-7877A955FAF7}.Release|Any CPU.ActiveCfg = Release|Any CPU
		{0CA2FA89-E0DC-4B27-BE7B-7877A955FAF7}.Release|Any CPU.Build.0 = Release|Any CPU
	EndGlobalSection
	GlobalSection(SolutionProperties) = preSolution
		HideSolutionNode = FALSE
	EndGlobalSection
	GlobalSection(ExtensibilityGlobals) = postSolution
		SolutionGuid = {B53B731D-F9E0-4072-A132-32A8C9504643}
	EndGlobalSection
EndGlobal
